<?xml version="1.0" encoding="UTF-8"?>
<Scheme
   LastUpgradeVersion = "1200"
   version = "1.3">
   <BuildAction
      parallelizeBuildables = "YES"
      buildImplicitDependencies = "YES">
      <BuildActionEntries>
         <BuildActionEntry
            buildForTesting = "YES"
            buildForRunning = "YES"
            buildForProfiling = "YES"
            buildForArchiving = "YES"
            buildForAnalyzing = "YES">
            <BuildableReference
               BuildableIdentifier = "primary"
               BlueprintIdentifier = "37428C9B2237E5F40017D277"
               BuildableName = "Musicos.app"
               BlueprintName = "Musicos"
               ReferencedContainer = "container:Musicos.xcodeproj">
            </BuildableReference>
         </BuildActionEntry>
      </BuildActionEntries>
   </BuildAction>
   <TestAction
      buildConfiguration = "Debug"
      selectedDebuggerIdentifier = "Xcode.DebuggerFoundation.Debugger.LLDB"
      selectedLauncherIdentifier = "Xcode.DebuggerFoundation.Launcher.LLDB"
      shouldUseLaunchSchemeArgsEnv = "YES">
      <MacroExpansion>
         <BuildableReference
            BuildableIdentifier = "primary"
            BlueprintIdentifier = "37428C9B2237E5F40017D277"
            BuildableName = "Musicos.app"
            BlueprintName = "Musicos"
            ReferencedContainer = "container:Musicos.xcodeproj">
         </BuildableReference>
      </MacroExpansion>
      <Testables>
      </Testables>
   </TestAction>
   <LaunchAction
      buildConfiguration = "Debug"
      selectedDebuggerIdentifier = "Xcode.DebuggerFoundation.Debugger.LLDB"
      selectedLauncherIdentifier = "Xcode.DebuggerFoundation.Launcher.LLDB"
      launchStyle = "0"
      useCustomWorkingDirectory = "NO"
      ignoresPersistentStateOnLaunch = "NO"
      debugDocumentVersioning = "YES"
      debugServiceExtension = "internal"
      allowLocationSimulation = "YES">
      <PreActions>
         <ExecutionAction
            ActionType = "Xcode.IDEStandardExecutionActionsCore.ExecutionActionType.ShellScriptAction">
            <ActionContent
               title = "Run Script"
               scriptText = "# CocoaPods&#10;if [ -d &quot;${PROJECT_DIR}/Pods/SendBirdUIKit&quot; ]; then&#10;    find ${PROJECT_DIR}/Pods/SendBirdUIKit/SendBirdUIKit.framework/Modules/SendBirdUIKit.swiftmodule/ -type f -name &apos;*.swiftinterface&apos; -exec sed -i &apos;&apos; s/&apos;@_inheritsConvenienceInitializers &apos;// {} +&#10;    find ${PROJECT_DIR}/Pods/SendBirdUIKit/SendBirdUIKit.framework/Modules/SendBirdUIKit.swiftmodule/ -type f -name &apos;*.swiftinterface&apos; -exec sed -i &apos;&apos; s/&apos;@_hasMissingDesignatedInitializers &apos;// {} +&#10;fi&#10;">
            </ActionContent>
         </ExecutionAction>
      </PreActions>
      <BuildableProductRunnable
         runnableDebuggingMode = "0">
         <BuildableReference
            BuildableIdentifier = "primary"
            BlueprintIdentifier = "37428C9B2237E5F40017D277"
            BuildableName = "Musicos.app"
            BlueprintName = "Musicos"
            ReferencedContainer = "container:Musicos.xcodeproj">
         </BuildableReference>
      </BuildableProductRunnable>
   </LaunchAction>
   <ProfileAction
      buildConfiguration = "Release"
      shouldUseLaunchSchemeArgsEnv = "YES"
      savedToolIdentifier = ""
      useCustomWorkingDirectory = "NO"
      debugDocumentVersioning = "YES">
      <BuildableProductRunnable
         runnableDebuggingMode = "0">
         <BuildableReference
            BuildableIdentifier = "primary"
            BlueprintIdentifier = "37428C9B2237E5F40017D277"
            BuildableName = "Musicos.app"
            BlueprintName = "Musicos"
            ReferencedContainer = "container:Musicos.xcodeproj">
         </BuildableReference>
      </BuildableProductRunnable>
   </ProfileAction>
   <AnalyzeAction
      buildConfiguration = "Debug">
   </AnalyzeAction>
   <ArchiveAction
      buildConfiguration = "Release"
      revealArchiveInOrganizer = "YES">
   </ArchiveAction>
</Scheme>
